// !$*UTF8*$!
{
	archiveVersion = 1;
	classes = {
	};
	objectVersion = 56;
	objects = {

/* Begin PBXBuildFile section */
		A00000000000000000000100 /* CalculatorApp.swift in Sources */ = {isa = PBXBuildFile; fileRef = A00000000000000000000010 /* CalculatorApp.swift */; };
		A00000000000000000000101 /* CalculatorScreen.swift in Sources */ = {isa = PBXBuildFile; fileRef = A00000000000000000000011 /* CalculatorScreen.swift */; };
		A00000000000000000000102 /* CalculatorTheme.swift in Sources */ = {isa = PBXBuildFile; fileRef = A00000000000000000000012 /* CalculatorTheme.swift */; };
		A00000000000000000000103 /* CalculatorViewModel.swift in Sources */ = {isa = PBXBuildFile; fileRef = A0000000000000000000004B /* CalculatorViewModel.swift */; };
		A00000000000000000000104 /* CalculatorAppTests.swift in Sources */ = {isa = PBXBuildFile; fileRef = A00000000000000000000014 /* CalculatorAppTests.swift */; };
		A00000000000000000000105 /* XCTest.framework in Frameworks */ = {isa = PBXBuildFile; fileRef = A00000000000000000000015 /* XCTest.framework */; };
		A00000000000000000000106 /* CalculatorOperator.swift in Sources */ = {isa = PBXBuildFile; fileRef = A00000000000000000000018 /* CalculatorOperator.swift */; };
		A00000000000000000000107 /* CalculatorToken.swift in Sources */ = {isa = PBXBuildFile; fileRef = A00000000000000000000019 /* CalculatorToken.swift */; };
		A00000000000000000000108 /* CalculatorError.swift in Sources */ = {isa = PBXBuildFile; fileRef = A0000000000000000000001A /* CalculatorError.swift */; };
		A00000000000000000000109 /* CalculatorFormatter.swift in Sources */ = {isa = PBXBuildFile; fileRef = A0000000000000000000001B /* CalculatorFormatter.swift */; };
		A00000000000000000000110 /* CalculatorOperandTransformer.swift in Sources */ = {isa = PBXBuildFile; fileRef = A0000000000000000000001C /* CalculatorOperandTransformer.swift */; };
		A00000000000000000000111 /* CalculatorEngine.swift in Sources */ = {isa = PBXBuildFile; fileRef = A0000000000000000000001D /* CalculatorEngine.swift */; };
		A00000000000000000000112 /* CalculatorHistoryItem.swift in Sources */ = {isa = PBXBuildFile; fileRef = A0000000000000000000001E /* CalculatorHistoryItem.swift */; };
		A00000000000000000000113 /* StoredCalculationHistoryItem.swift in Sources */ = {isa = PBXBuildFile; fileRef = A0000000000000000000004C /* StoredCalculationHistoryItem.swift */; };
		A00000000000000000000114 /* CalculatorHistoryStore.swift in Sources */ = {isa = PBXBuildFile; fileRef = A0000000000000000000004D /* CalculatorHistoryStore.swift */; };
		A00000000000000000000115 /* SwiftDataCalculatorHistoryStore.swift in Sources */ = {isa = PBXBuildFile; fileRef = A0000000000000000000004E /* SwiftDataCalculatorHistoryStore.swift */; };
		A00000000000000000000116 /* InMemoryCalculatorHistoryStore.swift in Sources */ = {isa = PBXBuildFile; fileRef = A0000000000000000000004F /* InMemoryCalculatorHistoryStore.swift */; };
		A00000000000000000000117 /* CalculatorAppUITests.swift in Sources */ = {isa = PBXBuildFile; fileRef = A00000000000000000000054 /* CalculatorAppUITests.swift */; };
		A00000000000000000000118 /* XCTest.framework in Frameworks */ = {isa = PBXBuildFile; fileRef = A00000000000000000000015 /* XCTest.framework */; };
/* End PBXBuildFile section */

/* Begin PBXContainerItemProxy section */
		A00000000000000000000090 /* PBXContainerItemProxy */ = {
			isa = PBXContainerItemProxy;
			containerPortal = A00000000000000000000001 /* Project object */;
			proxyType = 1;
			remoteGlobalIDString = A00000000000000000000020;
			remoteInfo = CalculatorApp;
		};
		A00000000000000000000092 /* PBXContainerItemProxy */ = {
			isa = PBXContainerItemProxy;
			containerPortal = A00000000000000000000001 /* Project object */;
			proxyType = 1;
			remoteGlobalIDString = A00000000000000000000020;
			remoteInfo = CalculatorApp;
		};
/* End PBXContainerItemProxy section */

/* Begin PBXFileReference section */
		A00000000000000000000010 /* CalculatorApp.swift */ = {isa = PBXFileReference; lastKnownFileType = sourcecode.swift; path = CalculatorApp.swift; sourceTree = "<group>"; };
		A00000000000000000000011 /* CalculatorScreen.swift */ = {isa = PBXFileReference; lastKnownFileType = sourcecode.swift; path = CalculatorScreen.swift; sourceTree = "<group>"; };
		A00000000000000000000012 /* CalculatorTheme.swift */ = {isa = PBXFileReference; lastKnownFileType = sourcecode.swift; path = CalculatorTheme.swift; sourceTree = "<group>"; };
		A00000000000000000000014 /* CalculatorAppTests.swift */ = {isa = PBXFileReference; lastKnownFileType = sourcecode.swift; path = CalculatorAppTests.swift; sourceTree = "<group>"; };
		A00000000000000000000015 /* XCTest.framework */ = {isa = PBXFileReference; lastKnownFileType = wrapper.framework; name = XCTest.framework; path = System/Library/Frameworks/XCTest.framework; sourceTree = SDKROOT; };
		A00000000000000000000016 /* Calculator.app */ = {isa = PBXFileReference; explicitFileType = wrapper.application; includeInIndex = 0; path = Calculator.app; sourceTree = BUILT_PRODUCTS_DIR; };
		A00000000000000000000017 /* CalculatorAppTests.xctest */ = {isa = PBXFileReference; explicitFileType = wrapper.cfbundle; includeInIndex = 0; path = CalculatorAppTests.xctest; sourceTree = BUILT_PRODUCTS_DIR; };
		A00000000000000000000018 /* CalculatorOperator.swift */ = {isa = PBXFileReference; lastKnownFileType = sourcecode.swift; path = CalculatorOperator.swift; sourceTree = "<group>"; };
		A00000000000000000000019 /* CalculatorToken.swift */ = {isa = PBXFileReference; lastKnownFileType = sourcecode.swift; path = CalculatorToken.swift; sourceTree = "<group>"; };
		A0000000000000000000001A /* CalculatorError.swift */ = {isa = PBXFileReference; lastKnownFileType = sourcecode.swift; path = CalculatorError.swift; sourceTree = "<group>"; };
		A0000000000000000000001B /* CalculatorFormatter.swift */ = {isa = PBXFileReference; lastKnownFileType = sourcecode.swift; path = CalculatorFormatter.swift; sourceTree = "<group>"; };
		A0000000000000000000001C /* CalculatorOperandTransformer.swift */ = {isa = PBXFileReference; lastKnownFileType = sourcecode.swift; path = CalculatorOperandTransformer.swift; sourceTree = "<group>"; };
		A0000000000000000000001D /* CalculatorEngine.swift */ = {isa = PBXFileReference; lastKnownFileType = sourcecode.swift; path = CalculatorEngine.swift; sourceTree = "<group>"; };
		A0000000000000000000001E /* CalculatorHistoryItem.swift */ = {isa = PBXFileReference; lastKnownFileType = sourcecode.swift; path = CalculatorHistoryItem.swift; sourceTree = "<group>"; };
		A0000000000000000000004B /* CalculatorViewModel.swift */ = {isa = PBXFileReference; lastKnownFileType = sourcecode.swift; path = CalculatorViewModel.swift; sourceTree = "<group>"; };
		A0000000000000000000004C /* StoredCalculationHistoryItem.swift */ = {isa = PBXFileReference; lastKnownFileType = sourcecode.swift; path = StoredCalculationHistoryItem.swift; sourceTree = "<group>"; };
		A0000000000000000000004D /* CalculatorHistoryStore.swift */ = {isa = PBXFileReference; lastKnownFileType = sourcecode.swift; path = CalculatorHistoryStore.swift; sourceTree = "<group>"; };
		A0000000000000000000004E /* SwiftDataCalculatorHistoryStore.swift */ = {isa = PBXFileReference; lastKnownFileType = sourcecode.swift; path = SwiftDataCalculatorHistoryStore.swift; sourceTree = "<group>"; };
		A0000000000000000000004F /* InMemoryCalculatorHistoryStore.swift */ = {isa = PBXFileReference; lastKnownFileType = sourcecode.swift; path = InMemoryCalculatorHistoryStore.swift; sourceTree = "<group>"; };
		A00000000000000000000054 /* CalculatorAppUITests.swift */ = {isa = PBXFileReference; lastKnownFileType = sourcecode.swift; path = CalculatorAppUITests.swift; sourceTree = "<group>"; };
		A00000000000000000000055 /* CalculatorAppUITests.xctest */ = {isa = PBXFileReference; explicitFileType = wrapper.cfbundle; includeInIndex = 0; path = CalculatorAppUITests.xctest; sourceTree = BUILT_PRODUCTS_DIR; };
/* End PBXFileReference section */

/* Begin PBXFrameworksBuildPhase section */
		A00000000000000000000030 /* Frameworks */ = {
			isa = PBXFrameworksBuildPhase;
			buildActionMask = 2147483647;
			files = (
			);
			runOnlyForDeploymentPostprocessing = 0;
		};
		A00000000000000000000031 /* Frameworks */ = {
			isa = PBXFrameworksBuildPhase;
			buildActionMask = 2147483647;
			files = (
				A00000000000000000000105 /* XCTest.framework in Frameworks */,
			);
			runOnlyForDeploymentPostprocessing = 0;
		};
		A00000000000000000000036 /* Frameworks */ = {
			isa = PBXFrameworksBuildPhase;
			buildActionMask = 2147483647;
			files = (
				A00000000000000000000118 /* XCTest.framework in Frameworks */,
			);
			runOnlyForDeploymentPostprocessing = 0;
		};
/* End PBXFrameworksBuildPhase section */

/* Begin PBXGroup section */
		58DF43712F8344B100B7C86E /* Recovered References */ = {
			isa = PBXGroup;
			children = (
				A00000000000000000000015 /* XCTest.framework */,
			);
			name = "Recovered References";
			sourceTree = "<group>";
		};
		A00000000000000000000002 = {
			isa = PBXGroup;
			children = (
				A00000000000000000000040 /* CalculatorApp */,
				A00000000000000000000041 /* CalculatorAppTests */,
				A00000000000000000000056 /* CalculatorAppUITests */,
				A00000000000000000000042 /* Products */,
				58DF43712F8344B100B7C86E /* Recovered References */,
			);
			sourceTree = "<group>";
		};
		A00000000000000000000040 /* CalculatorApp */ = {
			isa = PBXGroup;
			children = (
				A00000000000000000000043 /* App */,
				A00000000000000000000044 /* Features */,
				A00000000000000000000049 /* Domain */,
				A00000000000000000000052 /* Data */,
				A00000000000000000000045 /* Shared */,
				A00000000000000000000046 /* Resources */,
			);
			path = CalculatorApp;
			sourceTree = "<group>";
		};
		A00000000000000000000041 /* CalculatorAppTests */ = {
			isa = PBXGroup;
			children = (
				A00000000000000000000014 /* CalculatorAppTests.swift */,
			);
			path = CalculatorAppTests;
			sourceTree = "<group>";
		};
		A00000000000000000000042 /* Products */ = {
			isa = PBXGroup;
			children = (
				A00000000000000000000016 /* Calculator.app */,
				A00000000000000000000017 /* CalculatorAppTests.xctest */,
				A00000000000000000000055 /* CalculatorAppUITests.xctest */,
			);
			name = Products;
			sourceTree = "<group>";
		};
		A00000000000000000000043 /* App */ = {
			isa = PBXGroup;
			children = (
				A00000000000000000000010 /* CalculatorApp.swift */,
			);
			path = App;
			sourceTree = "<group>";
		};
		A00000000000000000000044 /* Features */ = {
			isa = PBXGroup;
			children = (
				A00000000000000000000047 /* Calculator */,
			);
			path = Features;
			sourceTree = "<group>";
		};
		A00000000000000000000045 /* Shared */ = {
			isa = PBXGroup;
			children = (
				A00000000000000000000048 /* Theme */,
			);
			path = Shared;
			sourceTree = "<group>";
		};
		A00000000000000000000046 /* Resources */ = {
			isa = PBXGroup;
			children = (
			);
			path = Resources;
			sourceTree = "<group>";
		};
		A00000000000000000000047 /* Calculator */ = {
			isa = PBXGroup;
			children = (
				A00000000000000000000011 /* CalculatorScreen.swift */,
				A0000000000000000000004B /* CalculatorViewModel.swift */,
			);
			path = Calculator;
			sourceTree = "<group>";
		};
		A00000000000000000000048 /* Theme */ = {
			isa = PBXGroup;
			children = (
				A00000000000000000000012 /* CalculatorTheme.swift */,
			);
			path = Theme;
			sourceTree = "<group>";
		};
		A00000000000000000000049 /* Domain */ = {
			isa = PBXGroup;
			children = (
				A0000000000000000000004A /* Calculator */,
			);
			path = Domain;
			sourceTree = "<group>";
		};
		A0000000000000000000004A /* Calculator */ = {
			isa = PBXGroup;
			children = (
				A00000000000000000000018 /* CalculatorOperator.swift */,
				A00000000000000000000019 /* CalculatorToken.swift */,
				A0000000000000000000001A /* CalculatorError.swift */,
				A0000000000000000000001B /* CalculatorFormatter.swift */,
				A0000000000000000000001C /* CalculatorOperandTransformer.swift */,
				A0000000000000000000001D /* CalculatorEngine.swift */,
				A0000000000000000000001E /* CalculatorHistoryItem.swift */,
			);
			path = Calculator;
			sourceTree = "<group>";
		};
		A00000000000000000000052 /* Data */ = {
			isa = PBXGroup;
			children = (
				A00000000000000000000053 /* History */,
			);
			path = Data;
			sourceTree = "<group>";
		};
		A00000000000000000000053 /* History */ = {
			isa = PBXGroup;
			children = (
				A0000000000000000000004C /* StoredCalculationHistoryItem.swift */,
				A0000000000000000000004D /* CalculatorHistoryStore.swift */,
				A0000000000000000000004E /* SwiftDataCalculatorHistoryStore.swift */,
				A0000000000000000000004F /* InMemoryCalculatorHistoryStore.swift */,
			);
			path = History;
			sourceTree = "<group>";
		};
		A00000000000000000000056 /* CalculatorAppUITests */ = {
			isa = PBXGroup;
			children = (
				A00000000000000000000054 /* CalculatorAppUITests.swift */,
			);
			path = CalculatorAppUITests;
			sourceTree = "<group>";
		};
/* End PBXGroup section */

/* Begin PBXNativeTarget section */
		A00000000000000000000020 /* CalculatorApp */ = {
			isa = PBXNativeTarget;
			buildConfigurationList = A00000000000000000000070 /* Build configuration list for PBXNativeTarget "CalculatorApp" */;
			buildPhases = (
				A00000000000000000000032 /* Sources */,
				A00000000000000000000030 /* Frameworks */,
				A00000000000000000000033 /* Resources */,
			);
			buildRules = (
			);
			dependencies = (
			);
			name = CalculatorApp;
			productName = CalculatorApp;
			productReference = A00000000000000000000016 /* Calculator.app */;
			productType = "com.apple.product-type.application";
		};
		A00000000000000000000021 /* CalculatorAppTests */ = {
			isa = PBXNativeTarget;
			buildConfigurationList = A00000000000000000000071 /* Build configuration list for PBXNativeTarget "CalculatorAppTests" */;
			buildPhases = (
				A00000000000000000000034 /* Sources */,
				A00000000000000000000031 /* Frameworks */,
				A00000000000000000000035 /* Resources */,
			);
			buildRules = (
			);
			dependencies = (
				A00000000000000000000091 /* PBXTargetDependency */,
			);
			name = CalculatorAppTests;
			productName = CalculatorAppTests;
			productReference = A00000000000000000000017 /* CalculatorAppTests.xctest */;
			productType = "com.apple.product-type.bundle.unit-test";
		};
		A00000000000000000000022 /* CalculatorAppUITests */ = {
			isa = PBXNativeTarget;
			buildConfigurationList = A00000000000000000000073 /* Build configuration list for PBXNativeTarget "CalculatorAppUITests" */;
			buildPhases = (
				A00000000000000000000037 /* Sources */,
				A00000000000000000000036 /* Frameworks */,
				A00000000000000000000038 /* Resources */,
			);
			buildRules = (
			);
			dependencies = (
				A00000000000000000000093 /* PBXTargetDependency */,
			);
			name = CalculatorAppUITests;
			productName = CalculatorAppUITests;
			productReference = A00000000000000000000055 /* CalculatorAppUITests.xctest */;
			productType = "com.apple.product-type.bundle.ui-testing";
		};
/* End PBXNativeTarget section */

/* Begin PBXProject section */
		A00000000000000000000001 /* Project object */ = {
			isa = PBXProject;
			attributes = {
				LastUpgradeCheck = 2630;
				TargetAttributes = {
					A00000000000000000000020 = {
						CreatedOnToolsVersion = 26.3;
					};
					A00000000000000000000021 = {
						CreatedOnToolsVersion = 26.3;
						TestTargetID = A00000000000000000000020;
					};
					A00000000000000000000022 = {
						CreatedOnToolsVersion = 26.3;
						TestTargetID = A00000000000000000000020;
					};
				};
			};
			buildConfigurationList = A00000000000000000000072 /* Build configuration list for PBXProject "CalculatorApp" */;
			compatibilityVersion = "Xcode 14.0";
			developmentRegion = en;
			hasScannedForEncodings = 0;
			knownRegions = (
				en,
				Base,
			);
			mainGroup = A00000000000000000000002;
			productRefGroup = A00000000000000000000042 /* Products */;
			projectDirPath = "";
			projectRoot = "";
			targets = (
				A00000000000000000000020 /* CalculatorApp */,
				A00000000000000000000021 /* CalculatorAppTests */,
				A00000000000000000000022 /* CalculatorAppUITests */,
			);
		};
/* End PBXProject section */

/* Begin PBXResourcesBuildPhase section */
		A00000000000000000000033 /* Resources */ = {
			isa = PBXResourcesBuildPhase;
			buildActionMask = 2147483647;
			files = (
			);
			runOnlyForDeploymentPostprocessing = 0;
		};
		A00000000000000000000035 /* Resources */ = {
			isa = PBXResourcesBuildPhase;
			buildActionMask = 2147483647;
			files = (
			);
			runOnlyForDeploymentPostprocessing = 0;
		};
		A00000000000000000000038 /* Resources */ = {
			isa = PBXResourcesBuildPhase;
			buildActionMask = 2147483647;
			files = (
			);
			runOnlyForDeploymentPostprocessing = 0;
		};
/* End PBXResourcesBuildPhase section */

/* Begin PBXSourcesBuildPhase section */
		A00000000000000000000032 /* Sources */ = {
			isa = PBXSourcesBuildPhase;
			buildActionMask = 2147483647;
			files = (
				A00000000000000000000100 /* CalculatorApp.swift in Sources */,
				A00000000000000000000101 /* CalculatorScreen.swift in Sources */,
				A00000000000000000000102 /* CalculatorTheme.swift in Sources */,
				A00000000000000000000103 /* CalculatorViewModel.swift in Sources */,
				A00000000000000000000112 /* CalculatorHistoryItem.swift in Sources */,
				A00000000000000000000113 /* StoredCalculationHistoryItem.swift in Sources */,
				A00000000000000000000114 /* CalculatorHistoryStore.swift in Sources */,
				A00000000000000000000115 /* SwiftDataCalculatorHistoryStore.swift in Sources */,
				A00000000000000000000116 /* InMemoryCalculatorHistoryStore.swift in Sources */,
				A00000000000000000000106 /* CalculatorOperator.swift in Sources */,
				A00000000000000000000107 /* CalculatorToken.swift in Sources */,
				A00000000000000000000108 /* CalculatorError.swift in Sources */,
				A00000000000000000000109 /* CalculatorFormatter.swift in Sources */,
				A00000000000000000000110 /* CalculatorOperandTransformer.swift in Sources */,
				A00000000000000000000111 /* CalculatorEngine.swift in Sources */,
			);
			runOnlyForDeploymentPostprocessing = 0;
		};
		A00000000000000000000034 /* Sources */ = {
			isa = PBXSourcesBuildPhase;
			buildActionMask = 2147483647;
			files = (
				A00000000000000000000104 /* CalculatorAppTests.swift in Sources */,
			);
			runOnlyForDeploymentPostprocessing = 0;
		};
		A00000000000000000000037 /* Sources */ = {
			isa = PBXSourcesBuildPhase;
			buildActionMask = 2147483647;
			files = (
				A00000000000000000000117 /* CalculatorAppUITests.swift in Sources */,
			);
			runOnlyForDeploymentPostprocessing = 0;
		};
/* End PBXSourcesBuildPhase section */

/* Begin PBXTargetDependency section */
		A00000000000000000000091 /* PBXTargetDependency */ = {
			isa = PBXTargetDependency;
			target = A00000000000000000000020 /* CalculatorApp */;
			targetProxy = A00000000000000000000090 /* PBXContainerItemProxy */;
		};
		A00000000000000000000093 /* PBXTargetDependency */ = {
			isa = PBXTargetDependency;
			target = A00000000000000000000020 /* CalculatorApp */;
			targetProxy = A00000000000000000000092 /* PBXContainerItemProxy */;
		};
/* End PBXTargetDependency section */

/* Begin XCBuildConfiguration section */
		A00000000000000000000050 /* Debug */ = {
			isa = XCBuildConfiguration;
			buildSettings = {
				ALWAYS_SEARCH_USER_PATHS = NO;
				CLANG_ENABLE_MODULES = YES;
				CLANG_ENABLE_OBJC_ARC = YES;
				COPY_PHASE_STRIP = NO;
				DEBUG_INFORMATION_FORMAT = dwarf;
				ENABLE_STRICT_OBJC_MSGSEND = YES;
				GCC_C_LANGUAGE_STANDARD = gnu17;
				GCC_NO_COMMON_BLOCKS = YES;
				GCC_OPTIMIZATION_LEVEL = 0;
				GCC_PREPROCESSOR_DEFINITIONS = (
					"DEBUG=1",
					"$(inherited)",
				);
				MTL_ENABLE_DEBUG_INFO = INCLUDE_SOURCE;
				ONLY_ACTIVE_ARCH = YES;
				SDKROOT = iphoneos;
				SWIFT_ACTIVE_COMPILATION_CONDITIONS = DEBUG;
			};
			name = Debug;
		};
		A00000000000000000000051 /* Release */ = {
			isa = XCBuildConfiguration;
			buildSettings = {
				ALWAYS_SEARCH_USER_PATHS = NO;
				CLANG_ENABLE_MODULES = YES;
				CLANG_ENABLE_OBJC_ARC = YES;
				COPY_PHASE_STRIP = NO;
				DEBUG_INFORMATION_FORMAT = "dwarf-with-dsym";
				ENABLE_NS_ASSERTIONS = NO;
				ENABLE_STRICT_OBJC_MSGSEND = YES;
				GCC_C_LANGUAGE_STANDARD = gnu17;
				GCC_NO_COMMON_BLOCKS = YES;
				MTL_ENABLE_DEBUG_INFO = NO;
				SDKROOT = iphoneos;
				SWIFT_COMPILATION_MODE = wholemodule;
				VALIDATE_PRODUCT = YES;
			};
			name = Release;
		};
		A00000000000000000000060 /* Debug */ = {
			isa = XCBuildConfiguration;
			buildSettings = {
				CODE_SIGN_STYLE = Automatic;
				CURRENT_PROJECT_VERSION = 1;
				DEFINES_MODULE = YES;
				DEVELOPMENT_TEAM = TL728U9PKD;
				ENABLE_TESTABILITY = YES;
				GENERATE_INFOPLIST_FILE = YES;
				INFOPLIST_KEY_CFBundleDisplayName = Calculator;
				INFOPLIST_KEY_UILaunchScreen_Generation = YES;
				INFOPLIST_KEY_UISupportedInterfaceOrientations_iPhone = UIInterfaceOrientationPortrait;
				IPHONEOS_DEPLOYMENT_TARGET = 26.0;
				LD_RUNPATH_SEARCH_PATHS = (
					"$(inherited)",
					"@executable_path/Frameworks",
				);
				PRODUCT_BUNDLE_IDENTIFIER = com.xiaoyude.calculator;
				PRODUCT_MODULE_NAME = Calculator;
				PRODUCT_NAME = Calculator;
				SDKROOT = iphoneos;
				SUPPORTED_PLATFORMS = "iphoneos iphonesimulator";
				SWIFT_EMIT_LOC_STRINGS = NO;
				SWIFT_VERSION = 6.0;
				TARGETED_DEVICE_FAMILY = 1;
			};
			name = Debug;
		};
		A00000000000000000000061 /* Release */ = {
			isa = XCBuildConfiguration;
			buildSettings = {
				CODE_SIGN_STYLE = Automatic;
				CURRENT_PROJECT_VERSION = 1;
				DEFINES_MODULE = YES;
				DEVELOPMENT_TEAM = TL728U9PKD;
				GENERATE_INFOPLIST_FILE = YES;
				INFOPLIST_KEY_CFBundleDisplayName = Calculator;
				INFOPLIST_KEY_UILaunchScreen_Generation = YES;
				INFOPLIST_KEY_UISupportedInterfaceOrientations_iPhone = UIInterfaceOrientationPortrait;
				IPHONEOS_DEPLOYMENT_TARGET = 26.0;
				LD_RUNPATH_SEARCH_PATHS = (
					"$(inherited)",
					"@executable_path/Frameworks",
				);
				PRODUCT_BUNDLE_IDENTIFIER = com.xiaoyude.calculator;
				PRODUCT_MODULE_NAME = Calculator;
				PRODUCT_NAME = Calculator;
				SDKROOT = iphoneos;
				SUPPORTED_PLATFORMS = "iphoneos iphonesimulator";
				SWIFT_EMIT_LOC_STRINGS = NO;
				SWIFT_VERSION = 6.0;
				TARGETED_DEVICE_FAMILY = 1;
			};
			name = Release;
		};
		A00000000000000000000062 /* Debug */ = {
			isa = XCBuildConfiguration;
			buildSettings = {
				BUNDLE_LOADER = "$(TEST_HOST)";
				CODE_SIGN_STYLE = Automatic;
				GENERATE_INFOPLIST_FILE = YES;
				IPHONEOS_DEPLOYMENT_TARGET = 17.0;
				LD_RUNPATH_SEARCH_PATHS = (
					"$(inherited)",
					"@loader_path/Frameworks",
					"@executable_path/Frameworks",
				);
				PRODUCT_BUNDLE_IDENTIFIER = com.xiaoyude.calculatorTests;
				PRODUCT_NAME = "$(TARGET_NAME)";
				SDKROOT = iphoneos;
				SUPPORTED_PLATFORMS = "iphoneos iphonesimulator";
				SWIFT_VERSION = 6.0;
				TARGETED_DEVICE_FAMILY = 1;
				TEST_HOST = "$(BUILT_PRODUCTS_DIR)/Calculator.app/Calculator";
				TEST_TARGET_NAME = CalculatorApp;
			};
			name = Debug;
		};
		A00000000000000000000063 /* Release */ = {
			isa = XCBuildConfiguration;
			buildSettings = {
				BUNDLE_LOADER = "$(TEST_HOST)";
				CODE_SIGN_STYLE = Automatic;
				GENERATE_INFOPLIST_FILE = YES;
				IPHONEOS_DEPLOYMENT_TARGET = 17.0;
				LD_RUNPATH_SEARCH_PATHS = (
					"$(inherited)",
					"@loader_path/Frameworks",
					"@executable_path/Frameworks",
				);
				PRODUCT_BUNDLE_IDENTIFIER = com.xiaoyude.calculatorTests;
				PRODUCT_NAME = "$(TARGET_NAME)";
				SDKROOT = iphoneos;
				SUPPORTED_PLATFORMS = "iphoneos iphonesimulator";
				SWIFT_VERSION = 6.0;
				TARGETED_DEVICE_FAMILY = 1;
				TEST_HOST = "$(BUILT_PRODUCTS_DIR)/Calculator.app/Calculator";
				TEST_TARGET_NAME = CalculatorApp;
			};
			name = Release;
		};
		A00000000000000000000064 /* Debug */ = {
			isa = XCBuildConfiguration;
			buildSettings = {
				CODE_SIGN_STYLE = Automatic;
				GENERATE_INFOPLIST_FILE = YES;
				IPHONEOS_DEPLOYMENT_TARGET = 17.0;
				PRODUCT_BUNDLE_IDENTIFIER = com.xiaoyude.calculatorUITests;
				PRODUCT_NAME = "$(TARGET_NAME)";
				SDKROOT = iphoneos;
				SUPPORTED_PLATFORMS = "iphoneos iphonesimulator";
				SWIFT_VERSION = 6.0;
				TARGETED_DEVICE_FAMILY = 1;
				TEST_TARGET_NAME = CalculatorApp;
			};
			name = Debug;
		};
		A00000000000000000000065 /* Release */ = {
			isa = XCBuildConfiguration;
			buildSettings = {
				CODE_SIGN_STYLE = Automatic;
				GENERATE_INFOPLIST_FILE = YES;
				IPHONEOS_DEPLOYMENT_TARGET = 17.0;
				PRODUCT_BUNDLE_IDENTIFIER = com.xiaoyude.calculatorUITests;
				PRODUCT_NAME = "$(TARGET_NAME)";
				SDKROOT = iphoneos;
				SUPPORTED_PLATFORMS = "iphoneos iphonesimulator";
				SWIFT_VERSION = 6.0;
				TARGETED_DEVICE_FAMILY = 1;
				TEST_TARGET_NAME = CalculatorApp;
			};
			name = Release;
		};
/* End XCBuildConfiguration section */

/* Begin XCConfigurationList section */
		A00000000000000000000070 /* Build configuration list for PBXNativeTarget "CalculatorApp" */ = {
			isa = XCConfigurationList;
			buildConfigurations = (
				A00000000000000000000060 /* Debug */,
				A00000000000000000000061 /* Release */,
			);
			defaultConfigurationIsVisible = 0;
			defaultConfigurationName = Release;
		};
		A00000000000000000000071 /* Build configuration list for PBXNativeTarget "CalculatorAppTests" */ = {
			isa = XCConfigurationList;
			buildConfigurations = (
				A00000000000000000000062 /* Debug */,
				A00000000000000000000063 /* Release */,
			);
			defaultConfigurationIsVisible = 0;
			defaultConfigurationName = Release;
		};
		A00000000000000000000072 /* Build configuration list for PBXProject "CalculatorApp" */ = {
			isa = XCConfigurationList;
			buildConfigurations = (
				A00000000000000000000050 /* Debug */,
				A00000000000000000000051 /* Release */,
			);
			defaultConfigurationIsVisible = 0;
			defaultConfigurationName = Release;
		};
		A00000000000000000000073 /* Build configuration list for PBXNativeTarget "CalculatorAppUITests" */ = {
			isa = XCConfigurationList;
			buildConfigurations = (
				A00000000000000000000064 /* Debug */,
				A00000000000000000000065 /* Release */,
			);
			defaultConfigurationIsVisible = 0;
			defaultConfigurationName = Release;
		};
/* End XCConfigurationList section */
	};
	rootObject = A00000000000000000000001 /* Project object */;
}
